{
  "version": 4,
  "terraform_version": "1.3.0",
  "serial": 21,
  "lineage": "d0810f79-52c0-a64d-e1e8-6ad1788e7df5",
  "outputs": {},
  "resources": [
    {
      "mode": "managed",
      "type": "google_service_account",
      "name": "karnika-gupta-test",
      "provider": "provider[\"registry.terraform.io/hashicorp/google\"]",
      "instances": [
        {
          "schema_version": 0,
          "attributes": {
            "account_id": "my-service-account",
            "description": "",
            "disabled": false,
            "display_name": "",
            "email": "my-service-account@karnika-gupta.iam.gserviceaccount.com",
            "id": "projects/karnika-gupta/serviceAccounts/my-service-account@karnika-gupta.iam.gserviceaccount.com",
            "name": "projects/karnika-gupta/serviceAccounts/my-service-account@karnika-gupta.iam.gserviceaccount.com",
            "project": "karnika-gupta",
            "timeouts": null,
            "unique_id": "117726193973087466886"
          },
          "sensitive_attributes": [],
          "private": "eyJlMmJmYjczMC1lY2FhLTExZTYtOGY4OC0zNDM2M2JjN2M0YzAiOnsiY3JlYXRlIjozMDAwMDAwMDAwMDB9fQ=="
        }
      ]
    }
  ],
  "check_results": []
}
